
Microsoft Visual Studio Solution File, Format Version 12.00
# Visual Studio 15
VisualStudioVersion = 15.0.28010.2046
MinimumVisualStudioVersion = 10.0.40219.1
Project("{9A19103F-16F7-4668-BE54-9A1E7A4F7556}") = "WebAPI", "WebAPI\WebAPI.csproj", "{6EA50F5F-F6F2-46AD-9A37-D04220BF1121}"
	ProjectSection(ProjectDependencies) = postProject
		{8ECA05F8-ACAD-42F5-AE5C-F1FEF1613270} = {8ECA05F8-ACAD-42F5-AE5C-F1FEF1613270}
	EndProjectSection
EndProject
Project("{9A19103F-16F7-4668-BE54-9A1E7A4F7556}") = "Logic", "Logic\Logic.csproj", "{C217FF00-3C07-4220-BFFA-0081590C945D}"
EndProject
Project("{9A19103F-16F7-4668-BE54-9A1E7A4F7556}") = "LogicTests", "LogicTests\LogicTests.csproj", "{4A193DC2-69D6-4AEC-8546-C02BECC49916}"
EndProject
Project("{2150E333-8FDC-42A3-9474-1A3956D46DE8}") = "Solution Items", "Solution Items", "{8075017D-2D4C-4B0D-9E97-3030043CF264}"
	ProjectSection(SolutionItems) = preProject
		guide.xml = guide.xml
	EndProjectSection
EndProject
Project("{9A19103F-16F7-4668-BE54-9A1E7A4F7556}") = "DataAccess", "DataAccess\DataAccess.csproj", "{8ECA05F8-ACAD-42F5-AE5C-F1FEF1613270}"
EndProject
Global
	GlobalSection(SolutionConfigurationPlatforms) = preSolution
		Debug|Any CPU = Debug|Any CPU
		Release|Any CPU = Release|Any CPU
	EndGlobalSection
	GlobalSection(ProjectConfigurationPlatforms) = postSolution
		{6EA50F5F-F6F2-46AD-9A37-D04220BF1121}.Debug|Any CPU.ActiveCfg = Debug|Any CPU
		{6EA50F5F-F6F2-46AD-9A37-D04220BF1121}.Debug|Any CPU.Build.0 = Debug|Any CPU
		{6EA50F5F-F6F2-46AD-9A37-D04220BF1121}.Release|Any CPU.ActiveCfg = Release|Any CPU
		{6EA50F5F-F6F2-46AD-9A37-D04220BF1121}.Release|Any CPU.Build.0 = Release|Any CPU
		{C217FF00-3C07-4220-BFFA-0081590C945D}.Debug|Any CPU.ActiveCfg = Debug|Any CPU
		{C217FF00-3C07-4220-BFFA-0081590C945D}.Debug|Any CPU.Build.0 = Debug|Any CPU
		{C217FF00-3C07-4220-BFFA-0081590C945D}.Release|Any CPU.ActiveCfg = Release|Any CPU
		{C217FF00-3C07-4220-BFFA-0081590C945D}.Release|Any CPU.Build.0 = Release|Any CPU
		{4A193DC2-69D6-4AEC-8546-C02BECC49916}.Debug|Any CPU.ActiveCfg = Debug|Any CPU
		{4A193DC2-69D6-4AEC-8546-C02BECC49916}.Debug|Any CPU.Build.0 = Debug|Any CPU
		{4A193DC2-69D6-4AEC-8546-C02BECC49916}.Release|Any CPU.ActiveCfg = Release|Any CPU
		{4A193DC2-69D6-4AEC-8546-C02BECC49916}.Release|Any CPU.Build.0 = Release|Any CPU
		{8ECA05F8-ACAD-42F5-AE5C-F1FEF1613270}.Debug|Any CPU.ActiveCfg = Debug|Any CPU
		{8ECA05F8-ACAD-42F5-AE5C-F1FEF1613270}.Debug|Any CPU.Build.0 = Debug|Any CPU
		{8ECA05F8-ACAD-42F5-AE5C-F1FEF1613270}.Release|Any CPU.ActiveCfg = Release|Any CPU
		{8ECA05F8-ACAD-42F5-AE5C-F1FEF1613270}.Release|Any CPU.Build.0 = Release|Any CPU
	EndGlobalSection
	GlobalSection(SolutionProperties) = preSolution
		HideSolutionNode = FALSE
	EndGlobalSection
	GlobalSection(ExtensibilityGlobals) = postSolution
		SolutionGuid = {95ECB32E-4E59-4BCE-B3E8-DCA6EC70D5F0}
	EndGlobalSection
EndGlobal
